Microsoft Visual Studio Solution File, Format Version 12.00
# Visual Studio 14
VisualStudioVersion = 14.0.25420.1
MinimumVisualStudioVersion = 10.0.40219.1
Project("{FAE04EC0-301F-11D3-BF4B-00C04F79EFBC}") = "DCS.Service", "Service\DCS.Service.csproj", "{1FBEA0AD-EA46-4053-A2D3-151BB5DB49F3}"
EndProject
Project("{FAE04EC0-301F-11D3-BF4B-00C04F79EFBC}") = "DCS.Core", "Core\DCS.Core.csproj", "{DE39BF39-C91D-4E1E-897F-A20E2AC7FE6E}"
EndProject
Project("{2150E333-8FDC-42A3-9474-1A3956D46DE8}") = "Solution Items", "Solution Items", "{79CE80F2-E5FE-4393-BEB1-1657DA6F6893}"
	ProjectSection(SolutionItems) = preProject
		app.config = app.config
		README.md = README.md
	EndProjectSection
EndProject
Project("{2150E333-8FDC-42A3-9474-1A3956D46DE8}") = ".nuget", ".nuget", "{FF9C9BB2-5B1B-4DFA-990D-8877B1F22A33}"
	ProjectSection(SolutionItems) = preProject
		.nuget\NuGet.Config = .nuget\NuGet.Config
		.nuget\NuGet.exe = .nuget\NuGet.exe
		.nuget\NuGet.targets = .nuget\NuGet.targets
	EndProjectSection
EndProject
Project("{2150E333-8FDC-42A3-9474-1A3956D46DE8}") = "Plugins", "Plugins", "{6B966D93-26C0-48F3-89AA-FE7E6D3C5694}"
EndProject
Project("{FAE04EC0-301F-11D3-BF4B-00C04F79EFBC}") = "RandomDataPlugin", "Plugins\RandomDataPlugin\RandomDataPlugin.csproj", "{E0D886EC-949B-4FDA-A267-58AB910A4D41}"
EndProject
Project("{FAE04EC0-301F-11D3-BF4B-00C04F79EFBC}") = "GitHubDataPlugin", "Plugins\GitHubDataPlugin\GitHubDataPlugin.csproj", "{1441D27A-C4DE-4601-9908-69186E211D3A}"
EndProject
Global
	GlobalSection(SolutionConfigurationPlatforms) = preSolution
		Debug|Any CPU = Debug|Any CPU
		Debug|Mixed Platforms = Debug|Mixed Platforms
		Debug|x64 = Debug|x64
		Debug|x86 = Debug|x86
		Release|Any CPU = Release|Any CPU
		Release|Mixed Platforms = Release|Mixed Platforms
		Release|x64 = Release|x64
		Release|x86 = Release|x86
	EndGlobalSection
	GlobalSection(ProjectConfigurationPlatforms) = postSolution
		{1FBEA0AD-EA46-4053-A2D3-151BB5DB49F3}.Debug|Any CPU.ActiveCfg = Debug|Any CPU
		{1FBEA0AD-EA46-4053-A2D3-151BB5DB49F3}.Debug|Any CPU.Build.0 = Debug|Any CPU
		{1FBEA0AD-EA46-4053-A2D3-151BB5DB49F3}.Debug|Mixed Platforms.ActiveCfg = Debug|Any CPU
		{1FBEA0AD-EA46-4053-A2D3-151BB5DB49F3}.Debug|Mixed Platforms.Build.0 = Debug|Any CPU
		{1FBEA0AD-EA46-4053-A2D3-151BB5DB49F3}.Debug|x64.ActiveCfg = Debug|x64
		{1FBEA0AD-EA46-4053-A2D3-151BB5DB49F3}.Debug|x64.Build.0 = Debug|x64
		{1FBEA0AD-EA46-4053-A2D3-151BB5DB49F3}.Debug|x86.ActiveCfg = Debug|x86
		{1FBEA0AD-EA46-4053-A2D3-151BB5DB49F3}.Debug|x86.Build.0 = Debug|x86
		{1FBEA0AD-EA46-4053-A2D3-151BB5DB49F3}.Release|Any CPU.ActiveCfg = Release|x86
		{1FBEA0AD-EA46-4053-A2D3-151BB5DB49F3}.Release|Mixed Platforms.ActiveCfg = Release|x86
		{1FBEA0AD-EA46-4053-A2D3-151BB5DB49F3}.Release|Mixed Platforms.Build.0 = Release|x86
		{1FBEA0AD-EA46-4053-A2D3-151BB5DB49F3}.Release|x64.ActiveCfg = Release|x64
		{1FBEA0AD-EA46-4053-A2D3-151BB5DB49F3}.Release|x86.ActiveCfg = Release|x86
		{1FBEA0AD-EA46-4053-A2D3-151BB5DB49F3}.Release|x86.Build.0 = Release|x86
		{DE39BF39-C91D-4E1E-897F-A20E2AC7FE6E}.Debug|Any CPU.ActiveCfg = Debug|Any CPU
		{DE39BF39-C91D-4E1E-897F-A20E2AC7FE6E}.Debug|Any CPU.Build.0 = Debug|Any CPU
		{DE39BF39-C91D-4E1E-897F-A20E2AC7FE6E}.Debug|Mixed Platforms.ActiveCfg = Debug|Any CPU
		{DE39BF39-C91D-4E1E-897F-A20E2AC7FE6E}.Debug|Mixed Platforms.Build.0 = Debug|Any CPU
		{DE39BF39-C91D-4E1E-897F-A20E2AC7FE6E}.Debug|x64.ActiveCfg = Debug|x64
		{DE39BF39-C91D-4E1E-897F-A20E2AC7FE6E}.Debug|x64.Build.0 = Debug|x64
		{DE39BF39-C91D-4E1E-897F-A20E2AC7FE6E}.Debug|x86.ActiveCfg = Debug|x86
		{DE39BF39-C91D-4E1E-897F-A20E2AC7FE6E}.Debug|x86.Build.0 = Debug|x86
		{DE39BF39-C91D-4E1E-897F-A20E2AC7FE6E}.Release|Any CPU.ActiveCfg = Release|Any CPU
		{DE39BF39-C91D-4E1E-897F-A20E2AC7FE6E}.Release|Any CPU.Build.0 = Release|Any CPU
		{DE39BF39-C91D-4E1E-897F-A20E2AC7FE6E}.Release|Mixed Platforms.ActiveCfg = Release|Any CPU
		{DE39BF39-C91D-4E1E-897F-A20E2AC7FE6E}.Release|Mixed Platforms.Build.0 = Release|Any CPU
		{DE39BF39-C91D-4E1E-897F-A20E2AC7FE6E}.Release|x64.ActiveCfg = Release|x64
		{DE39BF39-C91D-4E1E-897F-A20E2AC7FE6E}.Release|x64.Build.0 = Release|x64
		{DE39BF39-C91D-4E1E-897F-A20E2AC7FE6E}.Release|x86.ActiveCfg = Release|Any CPU
		{E0D886EC-949B-4FDA-A267-58AB910A4D41}.Debug|Any CPU.ActiveCfg = Debug|Any CPU
		{E0D886EC-949B-4FDA-A267-58AB910A4D41}.Debug|Any CPU.Build.0 = Debug|Any CPU
		{E0D886EC-949B-4FDA-A267-58AB910A4D41}.Debug|Mixed Platforms.ActiveCfg = Debug|Any CPU
		{E0D886EC-949B-4FDA-A267-58AB910A4D41}.Debug|Mixed Platforms.Build.0 = Debug|Any CPU
		{E0D886EC-949B-4FDA-A267-58AB910A4D41}.Debug|x64.ActiveCfg = Debug|Any CPU
		{E0D886EC-949B-4FDA-A267-58AB910A4D41}.Debug|x64.Build.0 = Debug|Any CPU
		{E0D886EC-949B-4FDA-A267-58AB910A4D41}.Debug|x86.ActiveCfg = Debug|Any CPU
		{E0D886EC-949B-4FDA-A267-58AB910A4D41}.Debug|x86.Build.0 = Debug|Any CPU
		{E0D886EC-949B-4FDA-A267-58AB910A4D41}.Release|Any CPU.ActiveCfg = Release|Any CPU
		{E0D886EC-949B-4FDA-A267-58AB910A4D41}.Release|Any CPU.Build.0 = Release|Any CPU
		{E0D886EC-949B-4FDA-A267-58AB910A4D41}.Release|Mixed Platforms.ActiveCfg = Release|Any CPU
		{E0D886EC-949B-4FDA-A267-58AB910A4D41}.Release|Mixed Platforms.Build.0 = Release|Any CPU
		{E0D886EC-949B-4FDA-A267-58AB910A4D41}.Release|x64.ActiveCfg = Release|Any CPU
		{E0D886EC-949B-4FDA-A267-58AB910A4D41}.Release|x64.Build.0 = Release|Any CPU
		{E0D886EC-949B-4FDA-A267-58AB910A4D41}.Release|x86.ActiveCfg = Release|Any CPU
		{E0D886EC-949B-4FDA-A267-58AB910A4D41}.Release|x86.Build.0 = Release|Any CPU
		{1441D27A-C4DE-4601-9908-69186E211D3A}.Debug|Any CPU.ActiveCfg = Debug|Any CPU
		{1441D27A-C4DE-4601-9908-69186E211D3A}.Debug|Any CPU.Build.0 = Debug|Any CPU
		{1441D27A-C4DE-4601-9908-69186E211D3A}.Debug|Mixed Platforms.ActiveCfg = Debug|Any CPU
		{1441D27A-C4DE-4601-9908-69186E211D3A}.Debug|Mixed Platforms.Build.0 = Debug|Any CPU
		{1441D27A-C4DE-4601-9908-69186E211D3A}.Debug|x64.ActiveCfg = Debug|Any CPU
		{1441D27A-C4DE-4601-9908-69186E211D3A}.Debug|x64.Build.0 = Debug|Any CPU
		{1441D27A-C4DE-4601-9908-69186E211D3A}.Debug|x86.ActiveCfg = Debug|Any CPU
		{1441D27A-C4DE-4601-9908-69186E211D3A}.Debug|x86.Build.0 = Debug|Any CPU
		{1441D27A-C4DE-4601-9908-69186E211D3A}.Release|Any CPU.ActiveCfg = Release|Any CPU
		{1441D27A-C4DE-4601-9908-69186E211D3A}.Release|Any CPU.Build.0 = Release|Any CPU
		{1441D27A-C4DE-4601-9908-69186E211D3A}.Release|Mixed Platforms.ActiveCfg = Release|Any CPU
		{1441D27A-C4DE-4601-9908-69186E211D3A}.Release|Mixed Platforms.Build.0 = Release|Any CPU
		{1441D27A-C4DE-4601-9908-69186E211D3A}.Release|x64.ActiveCfg = Release|Any CPU
		{1441D27A-C4DE-4601-9908-69186E211D3A}.Release|x64.Build.0 = Release|Any CPU
		{1441D27A-C4DE-4601-9908-69186E211D3A}.Release|x86.ActiveCfg = Release|Any CPU
		{1441D27A-C4DE-4601-9908-69186E211D3A}.Release|x86.Build.0 = Release|Any CPU
	EndGlobalSection
	GlobalSection(SolutionProperties) = preSolution
		HideSolutionNode = FALSE
	EndGlobalSection
	GlobalSection(NestedProjects) = preSolution
		{E0D886EC-949B-4FDA-A267-58AB910A4D41} = {6B966D93-26C0-48F3-89AA-FE7E6D3C5694}
		{1441D27A-C4DE-4601-9908-69186E211D3A} = {6B966D93-26C0-48F3-89AA-FE7E6D3C5694}
	EndGlobalSection
EndGlobal
